
Microsoft Visual Studio Solution File, Format Version 12.00
# Visual Studio 14
VisualStudioVersion = 14.0.24720.0
MinimumVisualStudioVersion = 10.0.40219.1
Project("{FAE04EC0-301F-11D3-BF4B-00C04F79EFBC}") = "PalRSA", "PalRSA\PalRSA.csproj", "{C649EB06-0686-4EE2-9048-FF23ADDC4329}"
EndProject
Project("{FAE04EC0-301F-11D3-BF4B-00C04F79EFBC}") = "PalRSA.Core", "PalRSA.Core\PalRSA.Core.csproj", "{0831EDB0-0B76-48F7-8816-51E873EE27A7}"
EndProject
Global
	GlobalSection(SolutionConfigurationPlatforms) = preSolution
		Debug|Any CPU = Debug|Any CPU
		Release|Any CPU = Release|Any CPU
	EndGlobalSection
	GlobalSection(ProjectConfigurationPlatforms) = postSolution
		{C649EB06-0686-4EE2-9048-FF23ADDC4329}.Debug|Any CPU.ActiveCfg = Debug|Any CPU
		{C649EB06-0686-4EE2-9048-FF23ADDC4329}.Debug|Any CPU.Build.0 = Debug|Any CPU
		{C649EB06-0686-4EE2-9048-FF23ADDC4329}.Release|Any CPU.ActiveCfg = Release|Any CPU
		{C649EB06-0686-4EE2-9048-FF23ADDC4329}.Release|Any CPU.Build.0 = Release|Any CPU
		{0831EDB0-0B76-48F7-8816-51E873EE27A7}.Debug|Any CPU.ActiveCfg = Debug|Any CPU
		{0831EDB0-0B76-48F7-8816-51E873EE27A7}.Debug|Any CPU.Build.0 = Debug|Any CPU
		{0831EDB0-0B76-48F7-8816-51E873EE27A7}.Release|Any CPU.ActiveCfg = Release|Any CPU
		{0831EDB0-0B76-48F7-8816-51E873EE27A7}.Release|Any CPU.Build.0 = Release|Any CPU
	EndGlobalSection
	GlobalSection(SolutionProperties) = preSolution
		HideSolutionNode = FALSE
	EndGlobalSection
	GlobalSection(TeamFoundationVersionControl) = preSolution
		SccNumberOfProjects = 3
		SccEnterpriseProvider = {4CA58AB2-18FA-4F8D-95D4-32DDF27D184C}
		SccTeamFoundationServer = https://palnig.visualstudio.com/defaultcollection
		SccLocalPath0 = .
		SccProjectUniqueName1 = PalRSA.Core\\PalRSA.Core.csproj
		SccProjectName1 = PalRSA.Core
		SccLocalPath1 = PalRSA.Core
		SccProjectUniqueName2 = PalRSA\\PalRSA.csproj
		SccProjectName2 = PalRSA
		SccLocalPath2 = PalRSA
	EndGlobalSection
EndGlobal
